{
  "name": "skoll.theme",
  "version": "1.0.0",
  "lockfileVersion": 2,
  "requires": true,
  "packages": {
    "": {
      "version": "1.0.0",
      "license": "MIT",
      "devDependencies": {
        "@po-ui/style": "^2.0.0-beta.1"
      }
    },
    "node_modules/@po-ui/style": {
      "version": "2.10.0",
      "resolved": "https://registry.npmjs.org/@po-ui/style/-/style-2.10.0.tgz",
      "integrity": "sha512-VKTYnUzZURKBIYQVhb4a5/I+Iiu5RMKwnoMDpj1eISngoV85HuTmS1Cf5Tl8H3g5Qq+yXqEmaqTwaAVq0mlbgw==",
      "dev": true
    }
  },
  "dependencies": {
    "@po-ui/style": {
      "version": "2.10.0",
      "resolved": "https://registry.npmjs.org/@po-ui/style/-/style-2.10.0.tgz",
      "integrity": "sha512-VKTYnUzZURKBIYQVhb4a5/I+Iiu5RMKwnoMDpj1eISngoV85HuTmS1Cf5Tl8H3g5Qq+yXqEmaqTwaAVq0mlbgw==",
      "dev": true
    }
  }
}
